
Microsoft Visual Studio Solution File, Format Version 12.00
# Visual Studio 2012
Project("{FAE04EC0-301F-11D3-BF4B-00C04F79EFBC}") = "OutParameter", "OutParameter\OutParameter.csproj", "{33DA3569-31FD-45A4-8BC3-25EACE86C02C}"
EndProject
Global
	GlobalSection(SolutionConfigurationPlatforms) = preSolution
		Debug|Any CPU = Debug|Any CPU
		Release|Any CPU = Release|Any CPU
	EndGlobalSection
	GlobalSection(ProjectConfigurationPlatforms) = postSolution
		{33DA3569-31FD-45A4-8BC3-25EACE86C02C}.Debug|Any CPU.ActiveCfg = Debug|Any CPU
		{33DA3569-31FD-45A4-8BC3-25EACE86C02C}.Debug|Any CPU.Build.0 = Debug|Any CPU
		{33DA3569-31FD-45A4-8BC3-25EACE86C02C}.Release|Any CPU.ActiveCfg = Release|Any CPU
		{33DA3569-31FD-45A4-8BC3-25EACE86C02C}.Release|Any CPU.Build.0 = Release|Any CPU
	EndGlobalSection
	GlobalSection(SolutionProperties) = preSolution
		HideSolutionNode = FALSE
	EndGlobalSection
EndGlobal
