
Microsoft Visual Studio Solution File, Format Version 12.00
# Visual Studio 2012
Project("{FAE04EC0-301F-11D3-BF4B-00C04F79EFBC}") = "SimpleProgram", "SimpleProgram\SimpleProgram.csproj", "{CA0752D6-6C65-435D-A50B-5FAF342C92DD}"
EndProject
Global
	GlobalSection(SolutionConfigurationPlatforms) = preSolution
		Debug|Any CPU = Debug|Any CPU
		Release|Any CPU = Release|Any CPU
	EndGlobalSection
	GlobalSection(ProjectConfigurationPlatforms) = postSolution
		{CA0752D6-6C65-435D-A50B-5FAF342C92DD}.Debug|Any CPU.ActiveCfg = Debug|Any CPU
		{CA0752D6-6C65-435D-A50B-5FAF342C92DD}.Debug|Any CPU.Build.0 = Debug|Any CPU
		{CA0752D6-6C65-435D-A50B-5FAF342C92DD}.Release|Any CPU.ActiveCfg = Release|Any CPU
		{CA0752D6-6C65-435D-A50B-5FAF342C92DD}.Release|Any CPU.Build.0 = Release|Any CPU
	EndGlobalSection
	GlobalSection(SolutionProperties) = preSolution
		HideSolutionNode = FALSE
	EndGlobalSection
EndGlobal
