
Microsoft Visual Studio Solution File, Format Version 12.00
# Visual Studio 2012
Project("{FAE04EC0-301F-11D3-BF4B-00C04F79EFBC}") = "Journal 3", "Journal 3\Journal 3.csproj", "{0D58C490-C04C-4547-A58B-B7D4047A8030}"
EndProject
Global
	GlobalSection(SolutionConfigurationPlatforms) = preSolution
		Debug|Any CPU = Debug|Any CPU
		Release|Any CPU = Release|Any CPU
	EndGlobalSection
	GlobalSection(ProjectConfigurationPlatforms) = postSolution
		{0D58C490-C04C-4547-A58B-B7D4047A8030}.Debug|Any CPU.ActiveCfg = Debug|Any CPU
		{0D58C490-C04C-4547-A58B-B7D4047A8030}.Debug|Any CPU.Build.0 = Debug|Any CPU
		{0D58C490-C04C-4547-A58B-B7D4047A8030}.Release|Any CPU.ActiveCfg = Release|Any CPU
		{0D58C490-C04C-4547-A58B-B7D4047A8030}.Release|Any CPU.Build.0 = Release|Any CPU
	EndGlobalSection
	GlobalSection(SolutionProperties) = preSolution
		HideSolutionNode = FALSE
	EndGlobalSection
EndGlobal
